
Microsoft Visual Studio Solution File, Format Version 12.00
Project("{FAE04EC0-301F-11D3-BF4B-00C04F79EFBC}") = "LolFetch.Terminal", "LolFetch.Terminal\LolFetch.Terminal.csproj", "{29067791-60AE-4ED6-8C19-E22CBA3C2DCB}"
EndProject
Project("{FAE04EC0-301F-11D3-BF4B-00C04F79EFBC}") = "LolFetch.Core", "LolFetch.Core\LolFetch.Core.csproj", "{0BCD3168-3E7F-4808-9756-9DA1C9F53145}"
EndProject
Project("{FAE04EC0-301F-11D3-BF4B-00C04F79EFBC}") = "LolFetch.Application", "LolFetch.Application\LolFetch.Application.csproj", "{BC3537B9-BFA3-4EFD-BC54-9F25DFAE5B5A}"
EndProject
Project("{FAE04EC0-301F-11D3-BF4B-00C04F79EFBC}") = "LolFetch.Infrastructure", "LolFetch.Infrastructure\LolFetch.Infrastructure.csproj", "{712EC5FE-C51C-4EE0-A6C5-20E5828AF0BF}"
EndProject
Project("{FAE04EC0-301F-11D3-BF4B-00C04F79EFBC}") = "LolFetch.Application.Test", "LolFetch.Application.Test\LolFetch.Application.Test.csproj", "{28C59476-A406-4997-96B2-21AE5F1D1BBC}"
EndProject
Project("{FAE04EC0-301F-11D3-BF4B-00C04F79EFBC}") = "LolFetch.Infrastructure.Test", "LolFetch.Infrastructure.Test\LolFetch.Infrastructure.Test.csproj", "{C0A8AED5-2B7D-42D6-9686-42A7FAB34774}"
EndProject
Global
	GlobalSection(SolutionConfigurationPlatforms) = preSolution
		Debug|Any CPU = Debug|Any CPU
		Release|Any CPU = Release|Any CPU
	EndGlobalSection
	GlobalSection(ProjectConfigurationPlatforms) = postSolution
		{29067791-60AE-4ED6-8C19-E22CBA3C2DCB}.Debug|Any CPU.ActiveCfg = Debug|Any CPU
		{29067791-60AE-4ED6-8C19-E22CBA3C2DCB}.Debug|Any CPU.Build.0 = Debug|Any CPU
		{29067791-60AE-4ED6-8C19-E22CBA3C2DCB}.Release|Any CPU.ActiveCfg = Release|Any CPU
		{29067791-60AE-4ED6-8C19-E22CBA3C2DCB}.Release|Any CPU.Build.0 = Release|Any CPU
		{0BCD3168-3E7F-4808-9756-9DA1C9F53145}.Debug|Any CPU.ActiveCfg = Debug|Any CPU
		{0BCD3168-3E7F-4808-9756-9DA1C9F53145}.Debug|Any CPU.Build.0 = Debug|Any CPU
		{0BCD3168-3E7F-4808-9756-9DA1C9F53145}.Release|Any CPU.ActiveCfg = Release|Any CPU
		{0BCD3168-3E7F-4808-9756-9DA1C9F53145}.Release|Any CPU.Build.0 = Release|Any CPU
		{BC3537B9-BFA3-4EFD-BC54-9F25DFAE5B5A}.Debug|Any CPU.ActiveCfg = Debug|Any CPU
		{BC3537B9-BFA3-4EFD-BC54-9F25DFAE5B5A}.Debug|Any CPU.Build.0 = Debug|Any CPU
		{BC3537B9-BFA3-4EFD-BC54-9F25DFAE5B5A}.Release|Any CPU.ActiveCfg = Release|Any CPU
		{BC3537B9-BFA3-4EFD-BC54-9F25DFAE5B5A}.Release|Any CPU.Build.0 = Release|Any CPU
		{712EC5FE-C51C-4EE0-A6C5-20E5828AF0BF}.Debug|Any CPU.ActiveCfg = Debug|Any CPU
		{712EC5FE-C51C-4EE0-A6C5-20E5828AF0BF}.Debug|Any CPU.Build.0 = Debug|Any CPU
		{712EC5FE-C51C-4EE0-A6C5-20E5828AF0BF}.Release|Any CPU.ActiveCfg = Release|Any CPU
		{712EC5FE-C51C-4EE0-A6C5-20E5828AF0BF}.Release|Any CPU.Build.0 = Release|Any CPU
		{28C59476-A406-4997-96B2-21AE5F1D1BBC}.Debug|Any CPU.ActiveCfg = Debug|Any CPU
		{28C59476-A406-4997-96B2-21AE5F1D1BBC}.Debug|Any CPU.Build.0 = Debug|Any CPU
		{28C59476-A406-4997-96B2-21AE5F1D1BBC}.Release|Any CPU.ActiveCfg = Release|Any CPU
		{28C59476-A406-4997-96B2-21AE5F1D1BBC}.Release|Any CPU.Build.0 = Release|Any CPU
		{C0A8AED5-2B7D-42D6-9686-42A7FAB34774}.Debug|Any CPU.ActiveCfg = Debug|Any CPU
		{C0A8AED5-2B7D-42D6-9686-42A7FAB34774}.Debug|Any CPU.Build.0 = Debug|Any CPU
		{C0A8AED5-2B7D-42D6-9686-42A7FAB34774}.Release|Any CPU.ActiveCfg = Release|Any CPU
		{C0A8AED5-2B7D-42D6-9686-42A7FAB34774}.Release|Any CPU.Build.0 = Release|Any CPU
	EndGlobalSection
EndGlobal
